
Microsoft Visual Studio Solution File, Format Version 12.00
# Visual Studio Version 16
VisualStudioVersion = 16.0.30320.27
MinimumVisualStudioVersion = 10.0.40219.1
Project("{FAE04EC0-301F-11D3-BF4B-00C04F79EFBC}") = "miPrimerEjercicio", "miPrimerEjercicio\miPrimerEjercicio.csproj", "{01894F6E-6D94-4D10-BD02-0C4C255B7723}"
EndProject
Global
	GlobalSection(SolutionConfigurationPlatforms) = preSolution
		Debug|Any CPU = Debug|Any CPU
		Release|Any CPU = Release|Any CPU
	EndGlobalSection
	GlobalSection(ProjectConfigurationPlatforms) = postSolution
		{01894F6E-6D94-4D10-BD02-0C4C255B7723}.Debug|Any CPU.ActiveCfg = Debug|Any CPU
		{01894F6E-6D94-4D10-BD02-0C4C255B7723}.Debug|Any CPU.Build.0 = Debug|Any CPU
		{01894F6E-6D94-4D10-BD02-0C4C255B7723}.Release|Any CPU.ActiveCfg = Release|Any CPU
		{01894F6E-6D94-4D10-BD02-0C4C255B7723}.Release|Any CPU.Build.0 = Release|Any CPU
	EndGlobalSection
	GlobalSection(SolutionProperties) = preSolution
		HideSolutionNode = FALSE
	EndGlobalSection
	GlobalSection(ExtensibilityGlobals) = postSolution
		SolutionGuid = {E16B6C66-D288-4053-B162-82D943961AA0}
	EndGlobalSection
EndGlobal
